
Microsoft Visual Studio Solution File, Format Version 12.00
# Visual Studio Version 17
VisualStudioVersion = 17.0.32014.148
MinimumVisualStudioVersion = 10.0.40219.1
Project("{FAE04EC0-301F-11D3-BF4B-00C04F79EFBC}") = "Seccion7", "Seccion7\Seccion7.csproj", "{D6398074-81A3-49B1-B0C9-CB2E55BAC272}"
EndProject
Global
	GlobalSection(SolutionConfigurationPlatforms) = preSolution
		Debug|Any CPU = Debug|Any CPU
		Release|Any CPU = Release|Any CPU
	EndGlobalSection
	GlobalSection(ProjectConfigurationPlatforms) = postSolution
		{D6398074-81A3-49B1-B0C9-CB2E55BAC272}.Debug|Any CPU.ActiveCfg = Debug|Any CPU
		{D6398074-81A3-49B1-B0C9-CB2E55BAC272}.Debug|Any CPU.Build.0 = Debug|Any CPU
		{D6398074-81A3-49B1-B0C9-CB2E55BAC272}.Release|Any CPU.ActiveCfg = Release|Any CPU
		{D6398074-81A3-49B1-B0C9-CB2E55BAC272}.Release|Any CPU.Build.0 = Release|Any CPU
	EndGlobalSection
	GlobalSection(SolutionProperties) = preSolution
		HideSolutionNode = FALSE
	EndGlobalSection
	GlobalSection(ExtensibilityGlobals) = postSolution
		SolutionGuid = {C6D8D833-C6AA-4ADF-934D-52B6EF6DB331}
	EndGlobalSection
EndGlobal
